
Microsoft Visual Studio Solution File, Format Version 12.00
# Visual Studio Version 16
VisualStudioVersion = 16.0.29911.84
MinimumVisualStudioVersion = 10.0.40219.1
Project("{FAE04EC0-301F-11D3-BF4B-00C04F79EFBC}") = "WebApplication2", "WebApplication2.csproj", "{29F086F2-C86B-4CB2-90DA-C822A1EF162A}"
EndProject
Global
	GlobalSection(SolutionConfigurationPlatforms) = preSolution
		Debug|Any CPU = Debug|Any CPU
		Release|Any CPU = Release|Any CPU
	EndGlobalSection
	GlobalSection(ProjectConfigurationPlatforms) = postSolution
		{29F086F2-C86B-4CB2-90DA-C822A1EF162A}.Debug|Any CPU.ActiveCfg = Debug|Any CPU
		{29F086F2-C86B-4CB2-90DA-C822A1EF162A}.Debug|Any CPU.Build.0 = Debug|Any CPU
		{29F086F2-C86B-4CB2-90DA-C822A1EF162A}.Release|Any CPU.ActiveCfg = Release|Any CPU
		{29F086F2-C86B-4CB2-90DA-C822A1EF162A}.Release|Any CPU.Build.0 = Release|Any CPU
	EndGlobalSection
	GlobalSection(SolutionProperties) = preSolution
		HideSolutionNode = FALSE
	EndGlobalSection
	GlobalSection(ExtensibilityGlobals) = postSolution
		SolutionGuid = {4F3D83B5-B047-4B64-83A2-09E639CCCF92}
	EndGlobalSection
EndGlobal
