
Microsoft Visual Studio Solution File, Format Version 12.00
# Visual Studio Version 16
VisualStudioVersion = 16.0.29613.14
MinimumVisualStudioVersion = 10.0.40219.1
Project("{FAE04EC0-301F-11D3-BF4B-00C04F79EFBC}") = "WindowsFormsApp1", "WindowsFormsApp1.csproj", "{13ED72A2-3346-48E0-8ECE-A199E745D66F}"
EndProject
Global
	GlobalSection(SolutionConfigurationPlatforms) = preSolution
		Debug|Any CPU = Debug|Any CPU
		Release|Any CPU = Release|Any CPU
	EndGlobalSection
	GlobalSection(ProjectConfigurationPlatforms) = postSolution
		{13ED72A2-3346-48E0-8ECE-A199E745D66F}.Debug|Any CPU.ActiveCfg = Debug|Any CPU
		{13ED72A2-3346-48E0-8ECE-A199E745D66F}.Debug|Any CPU.Build.0 = Debug|Any CPU
		{13ED72A2-3346-48E0-8ECE-A199E745D66F}.Release|Any CPU.ActiveCfg = Release|Any CPU
		{13ED72A2-3346-48E0-8ECE-A199E745D66F}.Release|Any CPU.Build.0 = Release|Any CPU
	EndGlobalSection
	GlobalSection(SolutionProperties) = preSolution
		HideSolutionNode = FALSE
	EndGlobalSection
	GlobalSection(ExtensibilityGlobals) = postSolution
		SolutionGuid = {5D6205E5-51FA-46B5-9B81-A485A159F41F}
	EndGlobalSection
EndGlobal
